// !$*UTF8*$!
{
	archiveVersion = 1;
	classes = {
	};
	objectVersion = 46;
	objects = {

/* Begin PBXBuildFile section */
		F84E6DC1199A918300400444 /* AppDelegate.swift in Sources */ = {isa = PBXBuildFile; fileRef = F84E6DC0199A918300400444 /* AppDelegate.swift */; };
		F84E6DC3199A918300400444 /* ViewController.swift in Sources */ = {isa = PBXBuildFile; fileRef = F84E6DC2199A918300400444 /* ViewController.swift */; };
		F84E6DC6199A918300400444 /* Main.storyboard in Resources */ = {isa = PBXBuildFile; fileRef = F84E6DC4199A918300400444 /* Main.storyboard */; };
		F84E6DC8199A918300400444 /* Images.xcassets in Resources */ = {isa = PBXBuildFile; fileRef = F84E6DC7199A918300400444 /* Images.xcassets */; };
		F84E6DD4199A918300400444 /* TipCalculatorTests.swift in Sources */ = {isa = PBXBuildFile; fileRef = F84E6DD3199A918300400444 /* TipCalculatorTests.swift */; };
		F84E6DDE199A920700400444 /* TipCalculatorModel.swift in Sources */ = {isa = PBXBuildFile; fileRef = F84E6DDD199A920700400444 /* TipCalculatorModel.swift */; };
/* End PBXBuildFile section */

/* Begin PBXContainerItemProxy section */
		F84E6DCE199A918300400444 /* PBXContainerItemProxy */ = {
			isa = PBXContainerItemProxy;
			containerPortal = F84E6DB3199A918300400444 /* Project object */;
			proxyType = 1;
			remoteGlobalIDString = F84E6DBA199A918300400444;
			remoteInfo = TipCalculator;
		};
/* End PBXContainerItemProxy section */

/* Begin PBXFileReference section */
		F84E6DBB199A918300400444 /* TipCalculator.app */ = {isa = PBXFileReference; explicitFileType = wrapper.application; includeInIndex = 0; path = TipCalculator.app; sourceTree = BUILT_PRODUCTS_DIR; };
		F84E6DBF199A918300400444 /* Info.plist */ = {isa = PBXFileReference; lastKnownFileType = text.plist.xml; path = Info.plist; sourceTree = "<group>"; };
		F84E6DC0199A918300400444 /* AppDelegate.swift */ = {isa = PBXFileReference; lastKnownFileType = sourcecode.swift; path = AppDelegate.swift; sourceTree = "<group>"; };
		F84E6DC2199A918300400444 /* ViewController.swift */ = {isa = PBXFileReference; lastKnownFileType = sourcecode.swift; path = ViewController.swift; sourceTree = "<group>"; };
		F84E6DC5199A918300400444 /* Base */ = {isa = PBXFileReference; lastKnownFileType = file.storyboard; name = Base; path = Base.lproj/Main.storyboard; sourceTree = "<group>"; };
		F84E6DC7199A918300400444 /* Images.xcassets */ = {isa = PBXFileReference; lastKnownFileType = folder.assetcatalog; path = Images.xcassets; sourceTree = "<group>"; };
		F84E6DCD199A918300400444 /* TipCalculatorTests.xctest */ = {isa = PBXFileReference; explicitFileType = wrapper.cfbundle; includeInIndex = 0; path = TipCalculatorTests.xctest; sourceTree = BUILT_PRODUCTS_DIR; };
		F84E6DD2199A918300400444 /* Info.plist */ = {isa = PBXFileReference; lastKnownFileType = text.plist.xml; path = Info.plist; sourceTree = "<group>"; };
		F84E6DD3199A918300400444 /* TipCalculatorTests.swift */ = {isa = PBXFileReference; lastKnownFileType = sourcecode.swift; path = TipCalculatorTests.swift; sourceTree = "<group>"; };
		F84E6DDD199A920700400444 /* TipCalculatorModel.swift */ = {isa = PBXFileReference; fileEncoding = 4; lastKnownFileType = sourcecode.swift; path = TipCalculatorModel.swift; sourceTree = "<group>"; };
/* End PBXFileReference section */

/* Begin PBXFrameworksBuildPhase section */
		F84E6DB8199A918300400444 /* Frameworks */ = {
			isa = PBXFrameworksBuildPhase;
			buildActionMask = 2147483647;
			files = (
			);
			runOnlyForDeploymentPostprocessing = 0;
		};
		F84E6DCA199A918300400444 /* Frameworks */ = {
			isa = PBXFrameworksBuildPhase;
			buildActionMask = 2147483647;
			files = (
			);
			runOnlyForDeploymentPostprocessing = 0;
		};
/* End PBXFrameworksBuildPhase section */

/* Begin PBXGroup section */
		F84E6DB2199A918300400444 = {
			isa = PBXGroup;
			children = (
				F84E6DBD199A918300400444 /* TipCalculator */,
				F84E6DD0199A918300400444 /* TipCalculatorTests */,
				F84E6DBC199A918300400444 /* Products */,
			);
			sourceTree = "<group>";
		};
		F84E6DBC199A918300400444 /* Products */ = {
			isa = PBXGroup;
			children = (
				F84E6DBB199A918300400444 /* TipCalculator.app */,
				F84E6DCD199A918300400444 /* TipCalculatorTests.xctest */,
			);
			name = Products;
			sourceTree = "<group>";
		};
		F84E6DBD199A918300400444 /* TipCalculator */ = {
			isa = PBXGroup;
			children = (
				F84E6DC0199A918300400444 /* AppDelegate.swift */,
				F84E6DC2199A918300400444 /* ViewController.swift */,
				F84E6DDD199A920700400444 /* TipCalculatorModel.swift */,
				F84E6DC4199A918300400444 /* Main.storyboard */,
				F84E6DC7199A918300400444 /* Images.xcassets */,
				F84E6DBE199A918300400444 /* Supporting Files */,
			);
			path = TipCalculator;
			sourceTree = "<group>";
		};
		F84E6DBE199A918300400444 /* Supporting Files */ = {
			isa = PBXGroup;
			children = (
				F84E6DBF199A918300400444 /* Info.plist */,
			);
			name = "Supporting Files";
			sourceTree = "<group>";
		};
		F84E6DD0199A918300400444 /* TipCalculatorTests */ = {
			isa = PBXGroup;
			children = (
				F84E6DD3199A918300400444 /* TipCalculatorTests.swift */,
				F84E6DD1199A918300400444 /* Supporting Files */,
			);
			path = TipCalculatorTests;
			sourceTree = "<group>";
		};
		F84E6DD1199A918300400444 /* Supporting Files */ = {
			isa = PBXGroup;
			children = (
				F84E6DD2199A918300400444 /* Info.plist */,
			);
			name = "Supporting Files";
			sourceTree = "<group>";
		};
/* End PBXGroup section */

/* Begin PBXNativeTarget section */
		F84E6DBA199A918300400444 /* TipCalculator */ = {
			isa = PBXNativeTarget;
			buildConfigurationList = F84E6DD7199A918300400444 /* Build configuration list for PBXNativeTarget "TipCalculator" */;
			buildPhases = (
				F84E6DB7199A918300400444 /* Sources */,
				F84E6DB8199A918300400444 /* Frameworks */,
				F84E6DB9199A918300400444 /* Resources */,
			);
			buildRules = (
			);
			dependencies = (
			);
			name = TipCalculator;
			productName = TipCalculator;
			productReference = F84E6DBB199A918300400444 /* TipCalculator.app */;
			productType = "com.apple.product-type.application";
		};
		F84E6DCC199A918300400444 /* TipCalculatorTests */ = {
			isa = PBXNativeTarget;
			buildConfigurationList = F84E6DDA199A918300400444 /* Build configuration list for PBXNativeTarget "TipCalculatorTests" */;
			buildPhases = (
				F84E6DC9199A918300400444 /* Sources */,
				F84E6DCA199A918300400444 /* Frameworks */,
				F84E6DCB199A918300400444 /* Resources */,
			);
			buildRules = (
			);
			dependencies = (
				F84E6DCF199A918300400444 /* PBXTargetDependency */,
			);
			name = TipCalculatorTests;
			productName = TipCalculatorTests;
			productReference = F84E6DCD199A918300400444 /* TipCalculatorTests.xctest */;
			productType = "com.apple.product-type.bundle.unit-test";
		};
/* End PBXNativeTarget section */

/* Begin PBXProject section */
		F84E6DB3199A918300400444 /* Project object */ = {
			isa = PBXProject;
			attributes = {
				LastUpgradeCheck = 0600;
				ORGANIZATIONNAME = SunLoveSystems;
				TargetAttributes = {
					F84E6DBA199A918300400444 = {
						CreatedOnToolsVersion = 6.0;
					};
					F84E6DCC199A918300400444 = {
						CreatedOnToolsVersion = 6.0;
						TestTargetID = F84E6DBA199A918300400444;
					};
				};
			};
			buildConfigurationList = F84E6DB6199A918300400444 /* Build configuration list for PBXProject "TipCalculator" */;
			compatibilityVersion = "Xcode 3.2";
			developmentRegion = English;
			hasScannedForEncodings = 0;
			knownRegions = (
				en,
				Base,
			);
			mainGroup = F84E6DB2199A918300400444;
			productRefGroup = F84E6DBC199A918300400444 /* Products */;
			projectDirPath = "";
			projectRoot = "";
			targets = (
				F84E6DBA199A918300400444 /* TipCalculator */,
				F84E6DCC199A918300400444 /* TipCalculatorTests */,
			);
		};
/* End PBXProject section */

/* Begin PBXResourcesBuildPhase section */
		F84E6DB9199A918300400444 /* Resources */ = {
			isa = PBXResourcesBuildPhase;
			buildActionMask = 2147483647;
			files = (
				F84E6DC6199A918300400444 /* Main.storyboard in Resources */,
				F84E6DC8199A918300400444 /* Images.xcassets in Resources */,
			);
			runOnlyForDeploymentPostprocessing = 0;
		};
		F84E6DCB199A918300400444 /* Resources */ = {
			isa = PBXResourcesBuildPhase;
			buildActionMask = 2147483647;
			files = (
			);
			runOnlyForDeploymentPostprocessing = 0;
		};
/* End PBXResourcesBuildPhase section */

/* Begin PBXSourcesBuildPhase section */
		F84E6DB7199A918300400444 /* Sources */ = {
			isa = PBXSourcesBuildPhase;
			buildActionMask = 2147483647;
			files = (
				F84E6DDE199A920700400444 /* TipCalculatorModel.swift in Sources */,
				F84E6DC3199A918300400444 /* ViewController.swift in Sources */,
				F84E6DC1199A918300400444 /* AppDelegate.swift in Sources */,
			);
			runOnlyForDeploymentPostprocessing = 0;
		};
		F84E6DC9199A918300400444 /* Sources */ = {
			isa = PBXSourcesBuildPhase;
			buildActionMask = 2147483647;
			files = (
				F84E6DD4199A918300400444 /* TipCalculatorTests.swift in Sources */,
			);
			runOnlyForDeploymentPostprocessing = 0;
		};
/* End PBXSourcesBuildPhase section */

/* Begin PBXTargetDependency section */
		F84E6DCF199A918300400444 /* PBXTargetDependency */ = {
			isa = PBXTargetDependency;
			target = F84E6DBA199A918300400444 /* TipCalculator */;
			targetProxy = F84E6DCE199A918300400444 /* PBXContainerItemProxy */;
		};
/* End PBXTargetDependency section */

/* Begin PBXVariantGroup section */
		F84E6DC4199A918300400444 /* Main.storyboard */ = {
			isa = PBXVariantGroup;
			children = (
				F84E6DC5199A918300400444 /* Base */,
			);
			name = Main.storyboard;
			sourceTree = "<group>";
		};
/* End PBXVariantGroup section */

/* Begin XCBuildConfiguration section */
		F84E6DD5199A918300400444 /* Debug */ = {
			isa = XCBuildConfiguration;
			buildSettings = {
				ALWAYS_SEARCH_USER_PATHS = NO;
				CLANG_CXX_LANGUAGE_STANDARD = "gnu++0x";
				CLANG_CXX_LIBRARY = "libc++";
				CLANG_ENABLE_MODULES = YES;
				CLANG_ENABLE_OBJC_ARC = YES;
				CLANG_WARN_BOOL_CONVERSION = YES;
				CLANG_WARN_CONSTANT_CONVERSION = YES;
				CLANG_WARN_DIRECT_OBJC_ISA_USAGE = YES_ERROR;
				CLANG_WARN_EMPTY_BODY = YES;
				CLANG_WARN_ENUM_CONVERSION = YES;
				CLANG_WARN_INT_CONVERSION = YES;
				CLANG_WARN_OBJC_ROOT_CLASS = YES_ERROR;
				CLANG_WARN_UNREACHABLE_CODE = YES;
				CLANG_WARN__DUPLICATE_METHOD_MATCH = YES;
				"CODE_SIGN_IDENTITY[sdk=iphoneos*]" = "iPhone Developer";
				COPY_PHASE_STRIP = NO;
				ENABLE_STRICT_OBJC_MSGSEND = YES;
				GCC_C_LANGUAGE_STANDARD = gnu99;
				GCC_DYNAMIC_NO_PIC = NO;
				GCC_OPTIMIZATION_LEVEL = 0;
				GCC_PREPROCESSOR_DEFINITIONS = (
					"DEBUG=1",
					"$(inherited)",
				);
				GCC_SYMBOLS_PRIVATE_EXTERN = NO;
				GCC_WARN_64_TO_32_BIT_CONVERSION = YES;
				GCC_WARN_ABOUT_RETURN_TYPE = YES_ERROR;
				GCC_WARN_UNDECLARED_SELECTOR = YES;
				GCC_WARN_UNINITIALIZED_AUTOS = YES_AGGRESSIVE;
				GCC_WARN_UNUSED_FUNCTION = YES;
				GCC_WARN_UNUSED_VARIABLE = YES;
				IPHONEOS_DEPLOYMENT_TARGET = 8.0;
				MTL_ENABLE_DEBUG_INFO = YES;
				ONLY_ACTIVE_ARCH = YES;
				SDKROOT = iphoneos;
				SWIFT_OPTIMIZATION_LEVEL = "-Onone";
			};
			name = Debug;
		};
		F84E6DD6199A918300400444 /* Release */ = {
			isa = XCBuildConfiguration;
			buildSettings = {
				ALWAYS_SEARCH_USER_PATHS = NO;
				CLANG_CXX_LANGUAGE_STANDARD = "gnu++0x";
				CLANG_CXX_LIBRARY = "libc++";
				CLANG_ENABLE_MODULES = YES;
				CLANG_ENABLE_OBJC_ARC = YES;
				CLANG_WARN_BOOL_CONVERSION = YES;
				CLANG_WARN_CONSTANT_CONVERSION = YES;
				CLANG_WARN_DIRECT_OBJC_ISA_USAGE = YES_ERROR;
				CLANG_WARN_EMPTY_BODY = YES;
				CLANG_WARN_ENUM_CONVERSION = YES;
				CLANG_WARN_INT_CONVERSION = YES;
				CLANG_WARN_OBJC_ROOT_CLASS = YES_ERROR;
				CLANG_WARN_UNREACHABLE_CODE = YES;
				CLANG_WARN__DUPLICATE_METHOD_MATCH = YES;
				"CODE_SIGN_IDENTITY[sdk=iphoneos*]" = "iPhone Developer";
				COPY_PHASE_STRIP = YES;
				ENABLE_NS_ASSERTIONS = NO;
				ENABLE_STRICT_OBJC_MSGSEND = YES;
				GCC_C_LANGUAGE_STANDARD = gnu99;
				GCC_WARN_64_TO_32_BIT_CONVERSION = YES;
				GCC_WARN_ABOUT_RETURN_TYPE = YES_ERROR;
				GCC_WARN_UNDECLARED_SELECTOR = YES;
				GCC_WARN_UNINITIALIZED_AUTOS = YES_AGGRESSIVE;
				GCC_WARN_UNUSED_FUNCTION = YES;
				GCC_WARN_UNUSED_VARIABLE = YES;
				IPHONEOS_DEPLOYMENT_TARGET = 8.0;
				MTL_ENABLE_DEBUG_INFO = NO;
				SDKROOT = iphoneos;
				VALIDATE_PRODUCT = YES;
			};
			name = Release;
		};
		F84E6DD8199A918300400444 /* Debug */ = {
			isa = XCBuildConfiguration;
			buildSettings = {
				ASSETCATALOG_COMPILER_APPICON_NAME = AppIcon;
				ASSETCATALOG_COMPILER_LAUNCHIMAGE_NAME = LaunchImage;
				INFOPLIST_FILE = TipCalculator/Info.plist;
				LD_RUNPATH_SEARCH_PATHS = "$(inherited) @executable_path/Frameworks";
				PRODUCT_NAME = "$(TARGET_NAME)";
			};
			name = Debug;
		};
		F84E6DD9199A918300400444 /* Release */ = {
			isa = XCBuildConfiguration;
			buildSettings = {
				ASSETCATALOG_COMPILER_APPICON_NAME = AppIcon;
				ASSETCATALOG_COMPILER_LAUNCHIMAGE_NAME = LaunchImage;
				INFOPLIST_FILE = TipCalculator/Info.plist;
				LD_RUNPATH_SEARCH_PATHS = "$(inherited) @executable_path/Frameworks";
				PRODUCT_NAME = "$(TARGET_NAME)";
			};
			name = Release;
		};
		F84E6DDB199A918300400444 /* Debug */ = {
			isa = XCBuildConfiguration;
			buildSettings = {
				BUNDLE_LOADER = "$(TEST_HOST)";
				FRAMEWORK_SEARCH_PATHS = (
					"$(SDKROOT)/Developer/Library/Frameworks",
					"$(inherited)",
				);
				GCC_PREPROCESSOR_DEFINITIONS = (
					"DEBUG=1",
					"$(inherited)",
				);
				INFOPLIST_FILE = TipCalculatorTests/Info.plist;
				LD_RUNPATH_SEARCH_PATHS = "$(inherited) @executable_path/Frameworks @loader_path/Frameworks";
				PRODUCT_NAME = "$(TARGET_NAME)";
				TEST_HOST = "$(BUILT_PRODUCTS_DIR)/TipCalculator.app/TipCalculator";
			};
			name = Debug;
		};
		F84E6DDC199A918300400444 /* Release */ = {
			isa = XCBuildConfiguration;
			buildSettings = {
				BUNDLE_LOADER = "$(TEST_HOST)";
				FRAMEWORK_SEARCH_PATHS = (
					"$(SDKROOT)/Developer/Library/Frameworks",
					"$(inherited)",
				);
				INFOPLIST_FILE = TipCalculatorTests/Info.plist;
				LD_RUNPATH_SEARCH_PATHS = "$(inherited) @executable_path/Frameworks @loader_path/Frameworks";
				PRODUCT_NAME = "$(TARGET_NAME)";
				TEST_HOST = "$(BUILT_PRODUCTS_DIR)/TipCalculator.app/TipCalculator";
			};
			name = Release;
		};
/* End XCBuildConfiguration section */

/* Begin XCConfigurationList section */
		F84E6DB6199A918300400444 /* Build configuration list for PBXProject "TipCalculator" */ = {
			isa = XCConfigurationList;
			buildConfigurations = (
				F84E6DD5199A918300400444 /* Debug */,
				F84E6DD6199A918300400444 /* Release */,
			);
			defaultConfigurationIsVisible = 0;
			defaultConfigurationName = Release;
		};
		F84E6DD7199A918300400444 /* Build configuration list for PBXNativeTarget "TipCalculator" */ = {
			isa = XCConfigurationList;
			buildConfigurations = (
				F84E6DD8199A918300400444 /* Debug */,
				F84E6DD9199A918300400444 /* Release */,
			);
			defaultConfigurationIsVisible = 0;
		};
		F84E6DDA199A918300400444 /* Build configuration list for PBXNativeTarget "TipCalculatorTests" */ = {
			isa = XCConfigurationList;
			buildConfigurations = (
				F84E6DDB199A918300400444 /* Debug */,
				F84E6DDC199A918300400444 /* Release */,
			);
			defaultConfigurationIsVisible = 0;
		};
/* End XCConfigurationList section */
	};
	rootObject = F84E6DB3199A918300400444 /* Project object */;
}
